# Runtime dependency lock for the private surveillance prototype.
# Generated from the validated Step-10 environment; install with:
#   python -m pip install -r requirements.lock
joblib==1.5.3
numpy==2.3.5
scipy==1.17.0
scikit-learn==1.8.0
threadpoolctl==3.6.0

# Step 16 exact XNYS trading-session planner
exchange-calendars==4.13.1
pandas==2.2.3
python-dateutil==2.9.0.post0
pyluach==2.3.0
toolz==1.1.0
tzdata==2026.2
